
Microsoft Visual Studio Solution File, Format Version 12.00
# Visual Studio Version 17
VisualStudioVersion = 17.2.32616.157
MinimumVisualStudioVersion = 10.0.40219.1
Project("{9A19103F-16F7-4668-BE54-9A1E7A4F7556}") = "Graduation.WebAPI", "Graduation.WebAPI\Graduation.WebAPI.csproj", "{290F179D-2772-4F25-99DF-DCFB7B7A7479}"
EndProject
Project("{9A19103F-16F7-4668-BE54-9A1E7A4F7556}") = "Graduation.DAL", "ClassLibrary1\Graduation.DAL.csproj", "{B341A6C5-91B3-4244-B617-7F1BD134960A}"
EndProject
Project("{9A19103F-16F7-4668-BE54-9A1E7A4F7556}") = "Graduation.BLL", "Graduation.BLL1\Graduation.BLL.csproj", "{286CDCFD-3E12-4A1E-B56E-E401634FEA98}"
EndProject
Project("{2150E333-8FDC-42A3-9474-1A3956D46DE8}") = "BLL", "BLL", "{371239D3-409B-4BB6-869E-9DC6A2AA3BB8}"
EndProject
Project("{2150E333-8FDC-42A3-9474-1A3956D46DE8}") = "DAL", "DAL", "{70905F79-373D-4287-B8D3-47425FEC64D9}"
EndProject
Project("{2150E333-8FDC-42A3-9474-1A3956D46DE8}") = "WebAPI", "WebAPI", "{38E05427-9972-454B-9075-086A68E12284}"
EndProject
Global
	GlobalSection(SolutionConfigurationPlatforms) = preSolution
		Debug|Any CPU = Debug|Any CPU
		Release|Any CPU = Release|Any CPU
	EndGlobalSection
	GlobalSection(ProjectConfigurationPlatforms) = postSolution
		{290F179D-2772-4F25-99DF-DCFB7B7A7479}.Debug|Any CPU.ActiveCfg = Debug|Any CPU
		{290F179D-2772-4F25-99DF-DCFB7B7A7479}.Debug|Any CPU.Build.0 = Debug|Any CPU
		{290F179D-2772-4F25-99DF-DCFB7B7A7479}.Release|Any CPU.ActiveCfg = Release|Any CPU
		{290F179D-2772-4F25-99DF-DCFB7B7A7479}.Release|Any CPU.Build.0 = Release|Any CPU
		{B341A6C5-91B3-4244-B617-7F1BD134960A}.Debug|Any CPU.ActiveCfg = Debug|Any CPU
		{B341A6C5-91B3-4244-B617-7F1BD134960A}.Debug|Any CPU.Build.0 = Debug|Any CPU
		{B341A6C5-91B3-4244-B617-7F1BD134960A}.Release|Any CPU.ActiveCfg = Release|Any CPU
		{B341A6C5-91B3-4244-B617-7F1BD134960A}.Release|Any CPU.Build.0 = Release|Any CPU
		{286CDCFD-3E12-4A1E-B56E-E401634FEA98}.Debug|Any CPU.ActiveCfg = Debug|Any CPU
		{286CDCFD-3E12-4A1E-B56E-E401634FEA98}.Debug|Any CPU.Build.0 = Debug|Any CPU
		{286CDCFD-3E12-4A1E-B56E-E401634FEA98}.Release|Any CPU.ActiveCfg = Release|Any CPU
		{286CDCFD-3E12-4A1E-B56E-E401634FEA98}.Release|Any CPU.Build.0 = Release|Any CPU
	EndGlobalSection
	GlobalSection(SolutionProperties) = preSolution
		HideSolutionNode = FALSE
	EndGlobalSection
	GlobalSection(NestedProjects) = preSolution
		{290F179D-2772-4F25-99DF-DCFB7B7A7479} = {38E05427-9972-454B-9075-086A68E12284}
		{B341A6C5-91B3-4244-B617-7F1BD134960A} = {70905F79-373D-4287-B8D3-47425FEC64D9}
		{286CDCFD-3E12-4A1E-B56E-E401634FEA98} = {371239D3-409B-4BB6-869E-9DC6A2AA3BB8}
	EndGlobalSection
	GlobalSection(ExtensibilityGlobals) = postSolution
		SolutionGuid = {49216620-2E30-41E8-9A7D-5C0EB7A9C659}
	EndGlobalSection
EndGlobal
